
Microsoft Visual Studio Solution File, Format Version 12.00
# Visual Studio Version 17
VisualStudioVersion = 17.0.32112.339
MinimumVisualStudioVersion = 10.0.40219.1
Project("{FAE04EC0-301F-11D3-BF4B-00C04F79EFBC}") = "getIp", "getIp\getIp.csproj", "{B947BB43-9644-4D34-BF36-FF3910E328B2}"
EndProject
Global
	GlobalSection(SolutionConfigurationPlatforms) = preSolution
		Debug|Any CPU = Debug|Any CPU
		r2|Any CPU = r2|Any CPU
		Release|Any CPU = Release|Any CPU
	EndGlobalSection
	GlobalSection(ProjectConfigurationPlatforms) = postSolution
		{B947BB43-9644-4D34-BF36-FF3910E328B2}.Debug|Any CPU.ActiveCfg = Debug|Any CPU
		{B947BB43-9644-4D34-BF36-FF3910E328B2}.Debug|Any CPU.Build.0 = Debug|Any CPU
		{B947BB43-9644-4D34-BF36-FF3910E328B2}.r2|Any CPU.ActiveCfg = r2|Any CPU
		{B947BB43-9644-4D34-BF36-FF3910E328B2}.r2|Any CPU.Build.0 = r2|Any CPU
		{B947BB43-9644-4D34-BF36-FF3910E328B2}.Release|Any CPU.ActiveCfg = Release|Any CPU
		{B947BB43-9644-4D34-BF36-FF3910E328B2}.Release|Any CPU.Build.0 = Release|Any CPU
	EndGlobalSection
	GlobalSection(SolutionProperties) = preSolution
		HideSolutionNode = FALSE
	EndGlobalSection
	GlobalSection(ExtensibilityGlobals) = postSolution
		SolutionGuid = {837E8874-7459-48A9-A63E-85C2F40B8FA4}
	EndGlobalSection
EndGlobal
